// !$*UTF8*$!
{
	archiveVersion = 1;
	classes = {
	};
	objectVersion = 48;
	objects = {

/* Begin PBXBuildFile section */
		649D71811F100150007E38E0 /* TNFloatingPanel.swift in Sources */ = {isa = PBXBuildFile; fileRef = 649D71801F100150007E38E0 /* TNFloatingPanel.swift */; };
		64A6A4A61F10007000A8F9EC /* AppDelegate.swift in Sources */ = {isa = PBXBuildFile; fileRef = 64A6A4A51F10007000A8F9EC /* AppDelegate.swift */; };
		64A6A4A81F10007000A8F9EC /* ViewController.swift in Sources */ = {isa = PBXBuildFile; fileRef = 64A6A4A71F10007000A8F9EC /* ViewController.swift */; };
		64A6A4AB1F10007000A8F9EC /* Main.storyboard in Resources */ = {isa = PBXBuildFile; fileRef = 64A6A4A91F10007000A8F9EC /* Main.storyboard */; };
		64A6A4AD1F10007000A8F9EC /* Assets.xcassets in Resources */ = {isa = PBXBuildFile; fileRef = 64A6A4AC1F10007000A8F9EC /* Assets.xcassets */; };
		64A6A4B01F10007000A8F9EC /* LaunchScreen.storyboard in Resources */ = {isa = PBXBuildFile; fileRef = 64A6A4AE1F10007000A8F9EC /* LaunchScreen.storyboard */; };
		64D4794D1F107FF200235493 /* MapKit.framework in Frameworks */ = {isa = PBXBuildFile; fileRef = 64D4794C1F107FD700235493 /* MapKit.framework */; };
/* End PBXBuildFile section */

/* Begin PBXFileReference section */
		649D71801F100150007E38E0 /* TNFloatingPanel.swift */ = {isa = PBXFileReference; lastKnownFileType = sourcecode.swift; name = TNFloatingPanel.swift; path = ../../TNFloatingPanel.swift; sourceTree = "<group>"; };
		64A6A4A21F10007000A8F9EC /* TNFloatingPanel.app */ = {isa = PBXFileReference; explicitFileType = wrapper.application; includeInIndex = 0; path = TNFloatingPanel.app; sourceTree = BUILT_PRODUCTS_DIR; };
		64A6A4A51F10007000A8F9EC /* AppDelegate.swift */ = {isa = PBXFileReference; lastKnownFileType = sourcecode.swift; path = AppDelegate.swift; sourceTree = "<group>"; };
		64A6A4A71F10007000A8F9EC /* ViewController.swift */ = {isa = PBXFileReference; lastKnownFileType = sourcecode.swift; path = ViewController.swift; sourceTree = "<group>"; };
		64A6A4AA1F10007000A8F9EC /* Base */ = {isa = PBXFileReference; lastKnownFileType = file.storyboard; name = Base; path = Base.lproj/Main.storyboard; sourceTree = "<group>"; };
		64A6A4AC1F10007000A8F9EC /* Assets.xcassets */ = {isa = PBXFileReference; lastKnownFileType = folder.assetcatalog; path = Assets.xcassets; sourceTree = "<group>"; };
		64A6A4AF1F10007000A8F9EC /* Base */ = {isa = PBXFileReference; lastKnownFileType = file.storyboard; name = Base; path = Base.lproj/LaunchScreen.storyboard; sourceTree = "<group>"; };
		64A6A4B11F10007000A8F9EC /* Info.plist */ = {isa = PBXFileReference; lastKnownFileType = text.plist.xml; path = Info.plist; sourceTree = "<group>"; };
		64D4794C1F107FD700235493 /* MapKit.framework */ = {isa = PBXFileReference; lastKnownFileType = wrapper.framework; name = MapKit.framework; path = System/Library/Frameworks/MapKit.framework; sourceTree = SDKROOT; };
/* End PBXFileReference section */

/* Begin PBXFrameworksBuildPhase section */
		64A6A49F1F10007000A8F9EC /* Frameworks */ = {
			isa = PBXFrameworksBuildPhase;
			buildActionMask = 2147483647;
			files = (
				64D4794D1F107FF200235493 /* MapKit.framework in Frameworks */,
			);
			runOnlyForDeploymentPostprocessing = 0;
		};
/* End PBXFrameworksBuildPhase section */

/* Begin PBXGroup section */
		64A6A4991F10007000A8F9EC = {
			isa = PBXGroup;
			children = (
				64A6A4A41F10007000A8F9EC /* TNFloatingPanel */,
				64A6A4A31F10007000A8F9EC /* Products */,
				64D4794B1F107FD700235493 /* Frameworks */,
			);
			sourceTree = "<group>";
		};
		64A6A4A31F10007000A8F9EC /* Products */ = {
			isa = PBXGroup;
			children = (
				64A6A4A21F10007000A8F9EC /* TNFloatingPanel.app */,
			);
			name = Products;
			sourceTree = "<group>";
		};
		64A6A4A41F10007000A8F9EC /* TNFloatingPanel */ = {
			isa = PBXGroup;
			children = (
				64A6A4A51F10007000A8F9EC /* AppDelegate.swift */,
				64A6A4A71F10007000A8F9EC /* ViewController.swift */,
				649D71801F100150007E38E0 /* TNFloatingPanel.swift */,
				64A6A4A91F10007000A8F9EC /* Main.storyboard */,
				64A6A4AC1F10007000A8F9EC /* Assets.xcassets */,
				64A6A4AE1F10007000A8F9EC /* LaunchScreen.storyboard */,
				64A6A4B11F10007000A8F9EC /* Info.plist */,
			);
			path = TNFloatingPanel;
			sourceTree = "<group>";
		};
		64D4794B1F107FD700235493 /* Frameworks */ = {
			isa = PBXGroup;
			children = (
				64D4794C1F107FD700235493 /* MapKit.framework */,
			);
			name = Frameworks;
			sourceTree = "<group>";
		};
/* End PBXGroup section */

/* Begin PBXNativeTarget section */
		64A6A4A11F10007000A8F9EC /* TNFloatingPanel */ = {
			isa = PBXNativeTarget;
			buildConfigurationList = 64A6A4B41F10007000A8F9EC /* Build configuration list for PBXNativeTarget "TNFloatingPanel" */;
			buildPhases = (
				64A6A49E1F10007000A8F9EC /* Sources */,
				64A6A49F1F10007000A8F9EC /* Frameworks */,
				64A6A4A01F10007000A8F9EC /* Resources */,
			);
			buildRules = (
			);
			dependencies = (
			);
			name = TNFloatingPanel;
			productName = TNFloatingPanel;
			productReference = 64A6A4A21F10007000A8F9EC /* TNFloatingPanel.app */;
			productType = "com.apple.product-type.application";
		};
/* End PBXNativeTarget section */

/* Begin PBXProject section */
		64A6A49A1F10007000A8F9EC /* Project object */ = {
			isa = PBXProject;
			attributes = {
				LastSwiftUpdateCheck = 0900;
				LastUpgradeCheck = 0900;
				ORGANIZATIONNAME = "Thomas NAUDET";
				TargetAttributes = {
					64A6A4A11F10007000A8F9EC = {
						CreatedOnToolsVersion = 9.0;
					};
				};
			};
			buildConfigurationList = 64A6A49D1F10007000A8F9EC /* Build configuration list for PBXProject "TNFloatingPanel" */;
			compatibilityVersion = "Xcode 8.0";
			developmentRegion = en;
			hasScannedForEncodings = 0;
			knownRegions = (
				en,
				Base,
			);
			mainGroup = 64A6A4991F10007000A8F9EC;
			productRefGroup = 64A6A4A31F10007000A8F9EC /* Products */;
			projectDirPath = "";
			projectRoot = "";
			targets = (
				64A6A4A11F10007000A8F9EC /* TNFloatingPanel */,
			);
		};
/* End PBXProject section */

/* Begin PBXResourcesBuildPhase section */
		64A6A4A01F10007000A8F9EC /* Resources */ = {
			isa = PBXResourcesBuildPhase;
			buildActionMask = 2147483647;
			files = (
				64A6A4B01F10007000A8F9EC /* LaunchScreen.storyboard in Resources */,
				64A6A4AD1F10007000A8F9EC /* Assets.xcassets in Resources */,
				64A6A4AB1F10007000A8F9EC /* Main.storyboard in Resources */,
			);
			runOnlyForDeploymentPostprocessing = 0;
		};
/* End PBXResourcesBuildPhase section */

/* Begin PBXSourcesBuildPhase section */
		64A6A49E1F10007000A8F9EC /* Sources */ = {
			isa = PBXSourcesBuildPhase;
			buildActionMask = 2147483647;
			files = (
				649D71811F100150007E38E0 /* TNFloatingPanel.swift in Sources */,
				64A6A4A81F10007000A8F9EC /* ViewController.swift in Sources */,
				64A6A4A61F10007000A8F9EC /* AppDelegate.swift in Sources */,
			);
			runOnlyForDeploymentPostprocessing = 0;
		};
/* End PBXSourcesBuildPhase section */

/* Begin PBXVariantGroup section */
		64A6A4A91F10007000A8F9EC /* Main.storyboard */ = {
			isa = PBXVariantGroup;
			children = (
				64A6A4AA1F10007000A8F9EC /* Base */,
			);
			name = Main.storyboard;
			sourceTree = "<group>";
		};
		64A6A4AE1F10007000A8F9EC /* LaunchScreen.storyboard */ = {
			isa = PBXVariantGroup;
			children = (
				64A6A4AF1F10007000A8F9EC /* Base */,
			);
			name = LaunchScreen.storyboard;
			sourceTree = "<group>";
		};
/* End PBXVariantGroup section */

/* Begin XCBuildConfiguration section */
		64A6A4B21F10007000A8F9EC /* Debug */ = {
			isa = XCBuildConfiguration;
			buildSettings = {
				ALWAYS_SEARCH_USER_PATHS = NO;
				CLANG_ANALYZER_NONNULL = YES;
				CLANG_ANALYZER_NUMBER_OBJECT_CONVERSION = YES_AGGRESSIVE;
				CLANG_CXX_LANGUAGE_STANDARD = "gnu++14";
				CLANG_CXX_LIBRARY = "libc++";
				CLANG_ENABLE_MODULES = YES;
				CLANG_ENABLE_OBJC_ARC = YES;
				CLANG_WARN_BLOCK_CAPTURE_AUTORELEASING = YES;
				CLANG_WARN_BOOL_CONVERSION = YES;
				CLANG_WARN_COMMA = YES;
				CLANG_WARN_CONSTANT_CONVERSION = YES;
				CLANG_WARN_DIRECT_OBJC_ISA_USAGE = YES_ERROR;
				CLANG_WARN_DOCUMENTATION_COMMENTS = YES;
				CLANG_WARN_EMPTY_BODY = YES;
				CLANG_WARN_ENUM_CONVERSION = YES;
				CLANG_WARN_INFINITE_RECURSION = YES;
				CLANG_WARN_INT_CONVERSION = YES;
				CLANG_WARN_OBJC_ROOT_CLASS = YES_ERROR;
				CLANG_WARN_RANGE_LOOP_ANALYSIS = YES;
				CLANG_WARN_STRICT_PROTOTYPES = YES;
				CLANG_WARN_SUSPICIOUS_MOVE = YES;
				CLANG_WARN_UNGUARDED_AVAILABILITY = YES_AGGRESSIVE;
				CLANG_WARN_UNREACHABLE_CODE = YES;
				CLANG_WARN__DUPLICATE_METHOD_MATCH = YES;
				CODE_SIGN_IDENTITY = "iPhone Developer";
				COPY_PHASE_STRIP = NO;
				DEBUG_INFORMATION_FORMAT = dwarf;
				ENABLE_STRICT_OBJC_MSGSEND = YES;
				ENABLE_TESTABILITY = YES;
				GCC_C_LANGUAGE_STANDARD = gnu11;
				GCC_DYNAMIC_NO_PIC = NO;
				GCC_NO_COMMON_BLOCKS = YES;
				GCC_OPTIMIZATION_LEVEL = 0;
				GCC_PREPROCESSOR_DEFINITIONS = (
					"DEBUG=1",
					"$(inherited)",
				);
				GCC_WARN_64_TO_32_BIT_CONVERSION = YES;
				GCC_WARN_ABOUT_RETURN_TYPE = YES_ERROR;
				GCC_WARN_UNDECLARED_SELECTOR = YES;
				GCC_WARN_UNINITIALIZED_AUTOS = YES_AGGRESSIVE;
				GCC_WARN_UNUSED_FUNCTION = YES;
				GCC_WARN_UNUSED_VARIABLE = YES;
				IPHONEOS_DEPLOYMENT_TARGET = 11.0;
				MTL_ENABLE_DEBUG_INFO = YES;
				ONLY_ACTIVE_ARCH = YES;
				SDKROOT = iphoneos;
				SWIFT_ACTIVE_COMPILATION_CONDITIONS = DEBUG;
				SWIFT_OPTIMIZATION_LEVEL = "-Onone";
			};
			name = Debug;
		};
		64A6A4B31F10007000A8F9EC /* Release */ = {
			isa = XCBuildConfiguration;
			buildSettings = {
				ALWAYS_SEARCH_USER_PATHS = NO;
				CLANG_ANALYZER_NONNULL = YES;
				CLANG_ANALYZER_NUMBER_OBJECT_CONVERSION = YES_AGGRESSIVE;
				CLANG_CXX_LANGUAGE_STANDARD = "gnu++14";
				CLANG_CXX_LIBRARY = "libc++";
				CLANG_ENABLE_MODULES = YES;
				CLANG_ENABLE_OBJC_ARC = YES;
				CLANG_WARN_BLOCK_CAPTURE_AUTORELEASING = YES;
				CLANG_WARN_BOOL_CONVERSION = YES;
				CLANG_WARN_COMMA = YES;
				CLANG_WARN_CONSTANT_CONVERSION = YES;
				CLANG_WARN_DIRECT_OBJC_ISA_USAGE = YES_ERROR;
				CLANG_WARN_DOCUMENTATION_COMMENTS = YES;
				CLANG_WARN_EMPTY_BODY = YES;
				CLANG_WARN_ENUM_CONVERSION = YES;
				CLANG_WARN_INFINITE_RECURSION = YES;
				CLANG_WARN_INT_CONVERSION = YES;
				CLANG_WARN_OBJC_ROOT_CLASS = YES_ERROR;
				CLANG_WARN_RANGE_LOOP_ANALYSIS = YES;
				CLANG_WARN_STRICT_PROTOTYPES = YES;
				CLANG_WARN_SUSPICIOUS_MOVE = YES;
				CLANG_WARN_UNGUARDED_AVAILABILITY = YES_AGGRESSIVE;
				CLANG_WARN_UNREACHABLE_CODE = YES;
				CLANG_WARN__DUPLICATE_METHOD_MATCH = YES;
				CODE_SIGN_IDENTITY = "iPhone Developer";
				COPY_PHASE_STRIP = NO;
				DEBUG_INFORMATION_FORMAT = "dwarf-with-dsym";
				ENABLE_NS_ASSERTIONS = NO;
				ENABLE_STRICT_OBJC_MSGSEND = YES;
				GCC_C_LANGUAGE_STANDARD = gnu11;
				GCC_NO_COMMON_BLOCKS = YES;
				GCC_WARN_64_TO_32_BIT_CONVERSION = YES;
				GCC_WARN_ABOUT_RETURN_TYPE = YES_ERROR;
				GCC_WARN_UNDECLARED_SELECTOR = YES;
				GCC_WARN_UNINITIALIZED_AUTOS = YES_AGGRESSIVE;
				GCC_WARN_UNUSED_FUNCTION = YES;
				GCC_WARN_UNUSED_VARIABLE = YES;
				IPHONEOS_DEPLOYMENT_TARGET = 11.0;
				MTL_ENABLE_DEBUG_INFO = NO;
				SDKROOT = iphoneos;
				SWIFT_OPTIMIZATION_LEVEL = "-Owholemodule";
				VALIDATE_PRODUCT = YES;
			};
			name = Release;
		};
		64A6A4B51F10007000A8F9EC /* Debug */ = {
			isa = XCBuildConfiguration;
			buildSettings = {
				ASSETCATALOG_COMPILER_APPICON_NAME = AppIcon;
				DEVELOPMENT_TEAM = 7HW87TV8LC;
				INFOPLIST_FILE = TNFloatingPanel/Info.plist;
				IPHONEOS_DEPLOYMENT_TARGET = 10.0;
				LD_RUNPATH_SEARCH_PATHS = "$(inherited) @executable_path/Frameworks";
				PRODUCT_BUNDLE_IDENTIFIER = fr.tomn.TNFloatingPanel;
				PRODUCT_NAME = "$(TARGET_NAME)";
				SWIFT_VERSION = 4.0;
				TARGETED_DEVICE_FAMILY = "1,2";
			};
			name = Debug;
		};
		64A6A4B61F10007000A8F9EC /* Release */ = {
			isa = XCBuildConfiguration;
			buildSettings = {
				ASSETCATALOG_COMPILER_APPICON_NAME = AppIcon;
				DEVELOPMENT_TEAM = 7HW87TV8LC;
				INFOPLIST_FILE = TNFloatingPanel/Info.plist;
				IPHONEOS_DEPLOYMENT_TARGET = 10.0;
				LD_RUNPATH_SEARCH_PATHS = "$(inherited) @executable_path/Frameworks";
				PRODUCT_BUNDLE_IDENTIFIER = fr.tomn.TNFloatingPanel;
				PRODUCT_NAME = "$(TARGET_NAME)";
				SWIFT_VERSION = 4.0;
				TARGETED_DEVICE_FAMILY = "1,2";
			};
			name = Release;
		};
/* End XCBuildConfiguration section */

/* Begin XCConfigurationList section */
		64A6A49D1F10007000A8F9EC /* Build configuration list for PBXProject "TNFloatingPanel" */ = {
			isa = XCConfigurationList;
			buildConfigurations = (
				64A6A4B21F10007000A8F9EC /* Debug */,
				64A6A4B31F10007000A8F9EC /* Release */,
			);
			defaultConfigurationIsVisible = 0;
			defaultConfigurationName = Release;
		};
		64A6A4B41F10007000A8F9EC /* Build configuration list for PBXNativeTarget "TNFloatingPanel" */ = {
			isa = XCConfigurationList;
			buildConfigurations = (
				64A6A4B51F10007000A8F9EC /* Debug */,
				64A6A4B61F10007000A8F9EC /* Release */,
			);
			defaultConfigurationIsVisible = 0;
			defaultConfigurationName = Release;
		};
/* End XCConfigurationList section */
	};
	rootObject = 64A6A49A1F10007000A8F9EC /* Project object */;
}
